PODS:
  - CameraGestures (0.5.0):
    - MediaPipeTasksVision (= 0.10.14)
  - MediaPipeTasksCommon (0.10.14)
  - MediaPipeTasksVision (0.10.14):
    - MediaPipeTasksCommon (= 0.10.14)

DEPENDENCIES:
  - CameraGestures (from `../../bindings/ios`)

SPEC REPOS:
  trunk:
    - MediaPipeTasksCommon
    - MediaPipeTasksVision

EXTERNAL SOURCES:
  CameraGestures:
    :path: "../../bindings/ios"

SPEC CHECKSUMS:
  CameraGestures: de400689c01f7f7946b9e6e311cc82f064afdf8d
  MediaPipeTasksCommon: 5660099c2dd81f7ac4a7a5f51055785ead8e0e64
  MediaPipeTasksVision: 0fac0db83c0b45e4d7811a9227be5e571403cf83

PODFILE CHECKSUM: e22e6e9bcbde130042be9892b3a65fa64491b11c

COCOAPODS: 1.16.2
